Microsoft Visual Studio Solution File, Format Version 12.00
# Visual Studio Version 18
VisualStudioVersion = 18.1.11312.151 d18.0
MinimumVisualStudioVersion = 10.0.40219.1
Project("{9A19103F-16F7-4668-BE54-9A1E7A4F7556}") = "StockTradeAdviser.Functions", "src\StockTradeAdviser.Functions\StockTradeAdviser.Functions.csproj", "{A1B2C3D4-E5F6-7890-ABCD-EF1234567890}"
EndProject
Project("{9A19103F-16F7-4668-BE54-9A1E7A4F7556}") = "StockTradeAdviser.Core", "src\StockTradeAdviser.Core\StockTradeAdviser.Core.csproj", "{5B46190D-D59D-4796-AAF5-53B4C8963929}"
EndProject
Project("{9A19103F-16F7-4668-BE54-9A1E7A4F7556}") = "StockTradeAdviser.Data", "src\StockTradeAdviser.Data\StockTradeAdviser.Data.csproj", "{66CDED4D-1D87-4DFD-B53B-3276C50210D8}"
EndProject
Project("{9A19103F-16F7-4668-BE54-9A1E7A4F7556}") = "StockTradeAdviser.Api", "src\StockTradeAdviser.Api\StockTradeAdviser.Api.csproj", "{9D0C8642-DF31-42B0-A104-6CA000DE95C3}"
EndProject
Global
	GlobalSection(SolutionConfigurationPlatforms) = preSolution
		Debug|Any CPU = Debug|Any CPU
		Release|Any CPU = Release|Any CPU
	EndGlobalSection
	GlobalSection(ProjectConfigurationPlatforms) = postSolution
		{A1B2C3D4-E5F6-7890-ABCD-EF1234567890}.Debug|Any CPU.ActiveCfg = Debug|Any CPU
		{A1B2C3D4-E5F6-7890-ABCD-EF1234567890}.Debug|Any CPU.Build.0 = Debug|Any CPU
		{A1B2C3D4-E5F6-7890-ABCD-EF1234567890}.Release|Any CPU.ActiveCfg = Release|Any CPU
		{A1B2C3D4-E5F6-7890-ABCD-EF1234567890}.Release|Any CPU.Build.0 = Release|Any CPU
		{5B46190D-D59D-4796-AAF5-53B4C8963929}.Debug|Any CPU.ActiveCfg = Debug|Any CPU
		{5B46190D-D59D-4796-AAF5-53B4C8963929}.Debug|Any CPU.Build.0 = Debug|Any CPU
		{5B46190D-D59D-4796-AAF5-53B4C8963929}.Release|Any CPU.ActiveCfg = Release|Any CPU
		{5B46190D-D59D-4796-AAF5-53B4C8963929}.Release|Any CPU.Build.0 = Release|Any CPU
		{66CDED4D-1D87-4DFD-B53B-3276C50210D8}.Debug|Any CPU.ActiveCfg = Debug|Any CPU
		{66CDED4D-1D87-4DFD-B53B-3276C50210D8}.Debug|Any CPU.Build.0 = Debug|Any CPU
		{66CDED4D-1D87-4DFD-B53B-3276C50210D8}.Release|Any CPU.ActiveCfg = Release|Any CPU
		{66CDED4D-1D87-4DFD-B53B-3276C50210D8}.Release|Any CPU.Build.0 = Release|Any CPU
		{9D0C8642-DF31-42B0-A104-6CA000DE95C3}.Debug|Any CPU.ActiveCfg = Debug|Any CPU
		{9D0C8642-DF31-42B0-A104-6CA000DE95C3}.Debug|Any CPU.Build.0 = Debug|Any CPU
		{9D0C8642-DF31-42B0-A104-6CA000DE95C3}.Release|Any CPU.ActiveCfg = Release|Any CPU
		{9D0C8642-DF31-42B0-A104-6CA000DE95C3}.Release|Any CPU.Build.0 = Release|Any CPU
	EndGlobalSection
	GlobalSection(SolutionProperties) = preSolution
		HideSolutionNode = FALSE
	EndGlobalSection
EndGlobal
